
Microsoft Visual Studio Solution File, Format Version 12.00
# Visual Studio Version 17
VisualStudioVersion = 17.3.32929.385
MinimumVisualStudioVersion = 10.0.40219.1
Project("{8BC9CEB8-8B4A-11D0-8D11-00A0C91BC942}") = "CISP 1020 - Program 7 Inheritence and Polymorphism", "CISP 1020 - Program 7 Inheritence and Polymorphism\CISP 1020 - Program 7 Inheritence and Polymorphism.vcxitems", "{5BDF4529-5B57-41DB-A251-6AB4C927F7E2}"
EndProject
Global
	GlobalSection(SolutionProperties) = preSolution
		HideSolutionNode = FALSE
	EndGlobalSection
	GlobalSection(ExtensibilityGlobals) = postSolution
		SolutionGuid = {C165586D-F110-4C94-90F8-5D96D3192601}
	EndGlobalSection
EndGlobal
